
Microsoft Visual Studio Solution File, Format Version 12.00
# Visual Studio Version 17
VisualStudioVersion = 17.0.31903.59
MinimumVisualStudioVersion = 10.0.40219.1
Project("{2150E333-8FDC-42A3-9474-1A3956D46DE8}") = "Auth", "Auth", "{66E392C2-68E0-4E2B-BC2F-C8E6BADC2C33}"
EndProject
Project("{FAE04EC0-301F-11D3-BF4B-00C04F79EFBC}") = "Auth_API", "Auth\Auth_API\Auth_API.csproj", "{7649735E-1142-465D-8366-E7EDA17E0D14}"
EndProject
Project("{FAE04EC0-301F-11D3-BF4B-00C04F79EFBC}") = "Auth_BL", "Auth\Auth_BL\Auth_BL.csproj", "{1D23773B-073C-4629-87A7-80DFFF3C2B29}"
EndProject
Project("{FAE04EC0-301F-11D3-BF4B-00C04F79EFBC}") = "Auth_DAL", "Auth\Auth_DAL\Auth_DAL.csproj", "{2B96E370-1BC4-4675-8A87-55FC53304076}"
EndProject
Project("{FAE04EC0-301F-11D3-BF4B-00C04F79EFBC}") = "Auth_Common", "Auth\Auth_Common\Auth_Common.csproj", "{8F69CC63-711E-4EEA-9BB0-FAFDE867E189}"
EndProject
Project("{2150E333-8FDC-42A3-9474-1A3956D46DE8}") = "Schedule", "Schedule", "{EB72389C-CB50-48F3-A892-9D70D55875DB}"
EndProject
Project("{FAE04EC0-301F-11D3-BF4B-00C04F79EFBC}") = "Schedule_API", "Schedule\Schedule_API\Schedule_API.csproj", "{5256630C-B386-4625-9745-3DE9317981E4}"
EndProject
Project("{FAE04EC0-301F-11D3-BF4B-00C04F79EFBC}") = "Schedule_BL", "Schedule\Schedule_BL\Schedule_BL.csproj", "{A8695B18-92FB-4FE0-AB20-FF8CDA2619D6}"
EndProject
Project("{FAE04EC0-301F-11D3-BF4B-00C04F79EFBC}") = "Schedule_DAL", "Schedule\Schedule_DAL\Schedule_DAL.csproj", "{8C8A8463-5004-4F1B-B25B-DDFCCE42C5E3}"
EndProject
Project("{FAE04EC0-301F-11D3-BF4B-00C04F79EFBC}") = "Schedule_Common", "Schedule\Schedule_Common\Schedule_Common.csproj", "{19F57B08-468B-4968-A8E8-68868BD2EE5A}"
EndProject
Global
	GlobalSection(SolutionConfigurationPlatforms) = preSolution
		Debug|Any CPU = Debug|Any CPU
		Release|Any CPU = Release|Any CPU
	EndGlobalSection
	GlobalSection(SolutionProperties) = preSolution
		HideSolutionNode = FALSE
	EndGlobalSection
	GlobalSection(ProjectConfigurationPlatforms) = postSolution
		{7649735E-1142-465D-8366-E7EDA17E0D14}.Debug|Any CPU.ActiveCfg = Debug|Any CPU
		{7649735E-1142-465D-8366-E7EDA17E0D14}.Debug|Any CPU.Build.0 = Debug|Any CPU
		{7649735E-1142-465D-8366-E7EDA17E0D14}.Release|Any CPU.ActiveCfg = Release|Any CPU
		{7649735E-1142-465D-8366-E7EDA17E0D14}.Release|Any CPU.Build.0 = Release|Any CPU
		{1D23773B-073C-4629-87A7-80DFFF3C2B29}.Debug|Any CPU.ActiveCfg = Debug|Any CPU
		{1D23773B-073C-4629-87A7-80DFFF3C2B29}.Debug|Any CPU.Build.0 = Debug|Any CPU
		{1D23773B-073C-4629-87A7-80DFFF3C2B29}.Release|Any CPU.ActiveCfg = Release|Any CPU
		{1D23773B-073C-4629-87A7-80DFFF3C2B29}.Release|Any CPU.Build.0 = Release|Any CPU
		{2B96E370-1BC4-4675-8A87-55FC53304076}.Debug|Any CPU.ActiveCfg = Debug|Any CPU
		{2B96E370-1BC4-4675-8A87-55FC53304076}.Debug|Any CPU.Build.0 = Debug|Any CPU
		{2B96E370-1BC4-4675-8A87-55FC53304076}.Release|Any CPU.ActiveCfg = Release|Any CPU
		{2B96E370-1BC4-4675-8A87-55FC53304076}.Release|Any CPU.Build.0 = Release|Any CPU
		{8F69CC63-711E-4EEA-9BB0-FAFDE867E189}.Debug|Any CPU.ActiveCfg = Debug|Any CPU
		{8F69CC63-711E-4EEA-9BB0-FAFDE867E189}.Debug|Any CPU.Build.0 = Debug|Any CPU
		{8F69CC63-711E-4EEA-9BB0-FAFDE867E189}.Release|Any CPU.ActiveCfg = Release|Any CPU
		{8F69CC63-711E-4EEA-9BB0-FAFDE867E189}.Release|Any CPU.Build.0 = Release|Any CPU
		{5256630C-B386-4625-9745-3DE9317981E4}.Debug|Any CPU.ActiveCfg = Debug|Any CPU
		{5256630C-B386-4625-9745-3DE9317981E4}.Debug|Any CPU.Build.0 = Debug|Any CPU
		{5256630C-B386-4625-9745-3DE9317981E4}.Release|Any CPU.ActiveCfg = Release|Any CPU
		{5256630C-B386-4625-9745-3DE9317981E4}.Release|Any CPU.Build.0 = Release|Any CPU
		{A8695B18-92FB-4FE0-AB20-FF8CDA2619D6}.Debug|Any CPU.ActiveCfg = Debug|Any CPU
		{A8695B18-92FB-4FE0-AB20-FF8CDA2619D6}.Debug|Any CPU.Build.0 = Debug|Any CPU
		{A8695B18-92FB-4FE0-AB20-FF8CDA2619D6}.Release|Any CPU.ActiveCfg = Release|Any CPU
		{A8695B18-92FB-4FE0-AB20-FF8CDA2619D6}.Release|Any CPU.Build.0 = Release|Any CPU
		{8C8A8463-5004-4F1B-B25B-DDFCCE42C5E3}.Debug|Any CPU.ActiveCfg = Debug|Any CPU
		{8C8A8463-5004-4F1B-B25B-DDFCCE42C5E3}.Debug|Any CPU.Build.0 = Debug|Any CPU
		{8C8A8463-5004-4F1B-B25B-DDFCCE42C5E3}.Release|Any CPU.ActiveCfg = Release|Any CPU
		{8C8A8463-5004-4F1B-B25B-DDFCCE42C5E3}.Release|Any CPU.Build.0 = Release|Any CPU
		{19F57B08-468B-4968-A8E8-68868BD2EE5A}.Debug|Any CPU.ActiveCfg = Debug|Any CPU
		{19F57B08-468B-4968-A8E8-68868BD2EE5A}.Debug|Any CPU.Build.0 = Debug|Any CPU
		{19F57B08-468B-4968-A8E8-68868BD2EE5A}.Release|Any CPU.ActiveCfg = Release|Any CPU
		{19F57B08-468B-4968-A8E8-68868BD2EE5A}.Release|Any CPU.Build.0 = Release|Any CPU
	EndGlobalSection
	GlobalSection(NestedProjects) = preSolution
		{7649735E-1142-465D-8366-E7EDA17E0D14} = {66E392C2-68E0-4E2B-BC2F-C8E6BADC2C33}
		{1D23773B-073C-4629-87A7-80DFFF3C2B29} = {66E392C2-68E0-4E2B-BC2F-C8E6BADC2C33}
		{2B96E370-1BC4-4675-8A87-55FC53304076} = {66E392C2-68E0-4E2B-BC2F-C8E6BADC2C33}
		{8F69CC63-711E-4EEA-9BB0-FAFDE867E189} = {66E392C2-68E0-4E2B-BC2F-C8E6BADC2C33}
		{5256630C-B386-4625-9745-3DE9317981E4} = {EB72389C-CB50-48F3-A892-9D70D55875DB}
		{A8695B18-92FB-4FE0-AB20-FF8CDA2619D6} = {EB72389C-CB50-48F3-A892-9D70D55875DB}
		{8C8A8463-5004-4F1B-B25B-DDFCCE42C5E3} = {EB72389C-CB50-48F3-A892-9D70D55875DB}
		{19F57B08-468B-4968-A8E8-68868BD2EE5A} = {EB72389C-CB50-48F3-A892-9D70D55875DB}
	EndGlobalSection
EndGlobal
